
Microsoft Visual Studio Solution File, Format Version 12.00
# Visual Studio Version 16
VisualStudioVersion = 16.0.30225.117
MinimumVisualStudioVersion = 10.0.40219.1
Project("{FAE04EC0-301F-11D3-BF4B-00C04F79EFBC}") = "Kura", "Kura\Kura.csproj", "{7E81996E-962D-4C3D-9CCE-A50850C03167}"
EndProject
Global
	GlobalSection(SolutionConfigurationPlatforms) = preSolution
		Debug|Any CPU = Debug|Any CPU
		Release|Any CPU = Release|Any CPU
	EndGlobalSection
	GlobalSection(ProjectConfigurationPlatforms) = postSolution
		{7E81996E-962D-4C3D-9CCE-A50850C03167}.Debug|Any CPU.ActiveCfg = Debug|Any CPU
		{7E81996E-962D-4C3D-9CCE-A50850C03167}.Debug|Any CPU.Build.0 = Debug|Any CPU
		{7E81996E-962D-4C3D-9CCE-A50850C03167}.Release|Any CPU.ActiveCfg = Release|Any CPU
		{7E81996E-962D-4C3D-9CCE-A50850C03167}.Release|Any CPU.Build.0 = Release|Any CPU
	EndGlobalSection
	GlobalSection(SolutionProperties) = preSolution
		HideSolutionNode = FALSE
	EndGlobalSection
	GlobalSection(ExtensibilityGlobals) = postSolution
		SolutionGuid = {8966896F-205F-492D-88AB-649D445F0666}
	EndGlobalSection
EndGlobal
